<Solution>
  <Project Path="VG_Scripts.csproj" />
  <Project Path="Gleechi.VirtualGrasp.Onboarding.csproj" />
  <Project Path="Gleechi.VirtualGrasp.Tests.csproj" />
  <Project Path="Assembly-CSharp.csproj" />
  <Project Path="Dependencies.csproj" />
  <Project Path="Gleechi.VirtualGrasp.Build.csproj" />
  <Project Path="Assembly-CSharp-Editor.csproj" />
  <Project Path="Gleechi.VirtualGrasp.Editor.csproj" />
</Solution>
